#MicroXplorer Configuration settings - do not modify
#Sat Jul 20 16:23:54 JST 2013
File.Version=1
KeepUserPlacement=true
Mcu.Family=STM32F1
Mcu.IP0=SYS
Mcu.IP1=TIM1
Mcu.IP2=TIM2
Mcu.IP3=TIM3
Mcu.IP4=TIM4
Mcu.IP5=USART1
Mcu.IPNb=6
Mcu.Name=STM32F103C(8-B)Tx
Mcu.Package=LQFP48
Mcu.Pin0=PD0-OSC_IN
Mcu.Pin1=PD1-OSC_OUT
Mcu.Pin10=PA12
Mcu.Pin11=PA13
Mcu.Pin12=PA14
Mcu.Pin13=PA15
Mcu.Pin14=PB3
Mcu.Pin15=PB4
Mcu.Pin16=PB5
Mcu.Pin17=PB6
Mcu.Pin18=PB7
Mcu.Pin2=PA0-WKUP
Mcu.Pin3=PA6
Mcu.Pin4=PA7
Mcu.Pin5=PB0
Mcu.Pin6=PA8
Mcu.Pin7=PA9
Mcu.Pin8=PA10
Mcu.Pin9=PA11
Mcu.PinsNb=19
PA0-WKUP.Signal=GPIO_Input
PA10.Mode=Asynchronous
PA10.Signal=USART1_RX
PA11.Signal=TIM1_CH4
PA12.Signal=GPIO_Input
PA13.Mode=Serial-Wire
PA13.Signal=SYS_JTMS-SWDIO
PA14.Mode=Serial-Wire
PA14.Signal=SYS_JTCK-SWCLK
PA15.Mode=Encoder-Interface
PA15.Signal=TIM2_CH1_ETR
PA6.Mode=Encoder-Interface
PA6.Signal=TIM3_CH1
PA7.Mode=Encoder-Interface
PA7.Signal=TIM3_CH2
PA8.Mode=PWM-Input-1
PA8.Signal=TIM1_CH1
PA9.Mode=Asynchronous
PA9.Signal=USART1_TX
PB0.Signal=GPIO_Output
PB3.Mode=Encoder-Interface
PB3.Signal=TIM2_CH2
PB4.Signal=GPIO_Output
PB5.Signal=GPIO_Output
PB6.Mode=Encoder-Interface
PB6.Signal=TIM4_CH1
PB7.Mode=Encoder-Interface
PB7.Signal=TIM4_CH2
PD0-OSC_IN.Mode=HSE-External-Oscillator
PD0-OSC_IN.Signal=SYS_OSC_IN
PD1-OSC_OUT.Mode=HSE-External-Oscillator
PD1-OSC_OUT.Signal=SYS_OSC_OUT
